
Microsoft Visual Studio Solution File, Format Version 12.00
# Visual Studio Version 17
VisualStudioVersion = 17.14.36221.1 d17.14
MinimumVisualStudioVersion = 10.0.40219.1
Project("{FAE04EC0-301F-11D3-BF4B-00C04F79EFBC}") = "Calculator", "Calculator.csproj", "{7E78B833-7B29-4AF7-B5DF-034F953DB607}"
EndProject
Global
	GlobalSection(SolutionConfigurationPlatforms) = preSolution
		Debug|Any CPU = Debug|Any CPU
		Release|Any CPU = Release|Any CPU
	EndGlobalSection
	GlobalSection(ProjectConfigurationPlatforms) = postSolution
		{7E78B833-7B29-4AF7-B5DF-034F953DB607}.Debug|Any CPU.ActiveCfg = Debug|Any CPU
		{7E78B833-7B29-4AF7-B5DF-034F953DB607}.Debug|Any CPU.Build.0 = Debug|Any CPU
		{7E78B833-7B29-4AF7-B5DF-034F953DB607}.Release|Any CPU.ActiveCfg = Release|Any CPU
		{7E78B833-7B29-4AF7-B5DF-034F953DB607}.Release|Any CPU.Build.0 = Release|Any CPU
	EndGlobalSection
	GlobalSection(SolutionProperties) = preSolution
		HideSolutionNode = FALSE
	EndGlobalSection
	GlobalSection(ExtensibilityGlobals) = postSolution
		SolutionGuid = {E79A4EAA-1914-46D3-8488-9978B4E49255}
	EndGlobalSection
EndGlobal
